
Microsoft Visual Studio Solution File, Format Version 12.00
# Visual Studio Version 17
VisualStudioVersion = 17.10.35027.167
MinimumVisualStudioVersion = 10.0.40219.1
Project("{FAE04EC0-301F-11D3-BF4B-00C04F79EFBC}") = "btkakademicalisma", "btkakademicalisma.csproj", "{B283B36F-F47F-4DA4-A42A-8E7F890800BC}"
EndProject
Global
	GlobalSection(SolutionConfigurationPlatforms) = preSolution
		Debug|Any CPU = Debug|Any CPU
		Release|Any CPU = Release|Any CPU
	EndGlobalSection
	GlobalSection(ProjectConfigurationPlatforms) = postSolution
		{B283B36F-F47F-4DA4-A42A-8E7F890800BC}.Debug|Any CPU.ActiveCfg = Debug|Any CPU
		{B283B36F-F47F-4DA4-A42A-8E7F890800BC}.Debug|Any CPU.Build.0 = Debug|Any CPU
		{B283B36F-F47F-4DA4-A42A-8E7F890800BC}.Release|Any CPU.ActiveCfg = Release|Any CPU
		{B283B36F-F47F-4DA4-A42A-8E7F890800BC}.Release|Any CPU.Build.0 = Release|Any CPU
	EndGlobalSection
	GlobalSection(SolutionProperties) = preSolution
		HideSolutionNode = FALSE
	EndGlobalSection
	GlobalSection(ExtensibilityGlobals) = postSolution
		SolutionGuid = {6B2C2AAF-7D39-43C9-B73E-A723BBEFFCFE}
	EndGlobalSection
EndGlobal
